
Microsoft Visual Studio Solution File, Format Version 12.00
# Visual Studio 15
VisualStudioVersion = 15.0.27004.2005
MinimumVisualStudioVersion = 10.0.40219.1
Project("{FAE04EC0-301F-11D3-BF4B-00C04F79EFBC}") = "test2", "test2\test2.csproj", "{47474322-EA9A-4B35-BCB1-56FF0769618A}"
EndProject
Global
	GlobalSection(SolutionConfigurationPlatforms) = preSolution
		Debug|Any CPU = Debug|Any CPU
		Release|Any CPU = Release|Any CPU
	EndGlobalSection
	GlobalSection(ProjectConfigurationPlatforms) = postSolution
		{47474322-EA9A-4B35-BCB1-56FF0769618A}.Debug|Any CPU.ActiveCfg = Debug|Any CPU
		{47474322-EA9A-4B35-BCB1-56FF0769618A}.Debug|Any CPU.Build.0 = Debug|Any CPU
		{47474322-EA9A-4B35-BCB1-56FF0769618A}.Release|Any CPU.ActiveCfg = Release|Any CPU
		{47474322-EA9A-4B35-BCB1-56FF0769618A}.Release|Any CPU.Build.0 = Release|Any CPU
	EndGlobalSection
	GlobalSection(SolutionProperties) = preSolution
		HideSolutionNode = FALSE
	EndGlobalSection
	GlobalSection(ExtensibilityGlobals) = postSolution
		SolutionGuid = {C9FF7BE0-717B-4198-B580-53C98FD8A1FF}
	EndGlobalSection
EndGlobal
